
Microsoft Visual Studio Solution File, Format Version 12.00
# Visual Studio Version 17
VisualStudioVersion = 17.9.34607.119
MinimumVisualStudioVersion = 10.0.40219.1
Project("{FAE04EC0-301F-11D3-BF4B-00C04F79EFBC}") = "EventManager.Web", "EventManager.Web\EventManager.Web.csproj", "{20A92ED2-1EDB-4FB7-ACFD-DF72FD7763A2}"
EndProject
Project("{FAE04EC0-301F-11D3-BF4B-00C04F79EFBC}") = "EventManager.Data", "EventManager.Data\EventManager.Data.csproj", "{5A66A455-B56D-4478-AC0F-7517AE0D3159}"
EndProject
Global
	GlobalSection(SolutionConfigurationPlatforms) = preSolution
		Debug|Any CPU = Debug|Any CPU
		Release|Any CPU = Release|Any CPU
	EndGlobalSection
	GlobalSection(ProjectConfigurationPlatforms) = postSolution
		{20A92ED2-1EDB-4FB7-ACFD-DF72FD7763A2}.Debug|Any CPU.ActiveCfg = Debug|Any CPU
		{20A92ED2-1EDB-4FB7-ACFD-DF72FD7763A2}.Debug|Any CPU.Build.0 = Debug|Any CPU
		{20A92ED2-1EDB-4FB7-ACFD-DF72FD7763A2}.Release|Any CPU.ActiveCfg = Release|Any CPU
		{20A92ED2-1EDB-4FB7-ACFD-DF72FD7763A2}.Release|Any CPU.Build.0 = Release|Any CPU
		{5A66A455-B56D-4478-AC0F-7517AE0D3159}.Debug|Any CPU.ActiveCfg = Debug|Any CPU
		{5A66A455-B56D-4478-AC0F-7517AE0D3159}.Debug|Any CPU.Build.0 = Debug|Any CPU
		{5A66A455-B56D-4478-AC0F-7517AE0D3159}.Release|Any CPU.ActiveCfg = Release|Any CPU
		{5A66A455-B56D-4478-AC0F-7517AE0D3159}.Release|Any CPU.Build.0 = Release|Any CPU
	EndGlobalSection
	GlobalSection(SolutionProperties) = preSolution
		HideSolutionNode = FALSE
	EndGlobalSection
	GlobalSection(ExtensibilityGlobals) = postSolution
		SolutionGuid = {CBE33165-BBDE-4432-BF82-C05953A3537E}
	EndGlobalSection
EndGlobal
